
Microsoft Visual Studio Solution File, Format Version 12.00
# Visual Studio Version 17
VisualStudioVersion = 17.0.31903.59
MinimumVisualStudioVersion = 10.0.40219.1
Project("{FAE04EC0-301F-11D3-BF4B-00C04F79EFBC}") = "Infrastructure", "Infrastructure\Infrastructure.csproj", "{81D4B167-77C9-422F-A016-4D14A8F902AD}"
EndProject
Project("{FAE04EC0-301F-11D3-BF4B-00C04F79EFBC}") = "Api", "Api\Api.csproj", "{199267BC-15C6-4325-8D17-1359E5DD7122}"
EndProject
Project("{FAE04EC0-301F-11D3-BF4B-00C04F79EFBC}") = "Test.Domain", "Test.Domain\Test.Domain.csproj", "{C7B72FE6-A2D2-43A4-AF38-764613B38D2D}"
EndProject
Project("{FAE04EC0-301F-11D3-BF4B-00C04F79EFBC}") = "Domain", "Domain\Domain.csproj", "{1586682E-C276-4FA8-B312-E9B92EA86631}"
EndProject
Project("{FAE04EC0-301F-11D3-BF4B-00C04F79EFBC}") = "Test.Api", "Test.Api\Test.Api.csproj", "{2AADBD8A-6655-40F7-9DF9-706030672F8F}"
EndProject
Project("{FAE04EC0-301F-11D3-BF4B-00C04F79EFBC}") = "Test.Common", "Test.Common\Test.Common.csproj", "{8FC69396-93CB-43A8-923F-A8EB5731F498}"
EndProject
Global
	GlobalSection(SolutionConfigurationPlatforms) = preSolution
		Debug|Any CPU = Debug|Any CPU
		Release|Any CPU = Release|Any CPU
	EndGlobalSection
	GlobalSection(SolutionProperties) = preSolution
		HideSolutionNode = FALSE
	EndGlobalSection
	GlobalSection(ProjectConfigurationPlatforms) = postSolution
		{81D4B167-77C9-422F-A016-4D14A8F902AD}.Debug|Any CPU.ActiveCfg = Debug|Any CPU
		{81D4B167-77C9-422F-A016-4D14A8F902AD}.Debug|Any CPU.Build.0 = Debug|Any CPU
		{81D4B167-77C9-422F-A016-4D14A8F902AD}.Release|Any CPU.ActiveCfg = Release|Any CPU
		{81D4B167-77C9-422F-A016-4D14A8F902AD}.Release|Any CPU.Build.0 = Release|Any CPU
		{199267BC-15C6-4325-8D17-1359E5DD7122}.Debug|Any CPU.ActiveCfg = Debug|Any CPU
		{199267BC-15C6-4325-8D17-1359E5DD7122}.Debug|Any CPU.Build.0 = Debug|Any CPU
		{199267BC-15C6-4325-8D17-1359E5DD7122}.Release|Any CPU.ActiveCfg = Release|Any CPU
		{199267BC-15C6-4325-8D17-1359E5DD7122}.Release|Any CPU.Build.0 = Release|Any CPU
		{C7B72FE6-A2D2-43A4-AF38-764613B38D2D}.Debug|Any CPU.ActiveCfg = Debug|Any CPU
		{C7B72FE6-A2D2-43A4-AF38-764613B38D2D}.Debug|Any CPU.Build.0 = Debug|Any CPU
		{C7B72FE6-A2D2-43A4-AF38-764613B38D2D}.Release|Any CPU.ActiveCfg = Release|Any CPU
		{C7B72FE6-A2D2-43A4-AF38-764613B38D2D}.Release|Any CPU.Build.0 = Release|Any CPU
		{1586682E-C276-4FA8-B312-E9B92EA86631}.Debug|Any CPU.ActiveCfg = Debug|Any CPU
		{1586682E-C276-4FA8-B312-E9B92EA86631}.Debug|Any CPU.Build.0 = Debug|Any CPU
		{1586682E-C276-4FA8-B312-E9B92EA86631}.Release|Any CPU.ActiveCfg = Release|Any CPU
		{1586682E-C276-4FA8-B312-E9B92EA86631}.Release|Any CPU.Build.0 = Release|Any CPU
		{2AADBD8A-6655-40F7-9DF9-706030672F8F}.Debug|Any CPU.ActiveCfg = Debug|Any CPU
		{2AADBD8A-6655-40F7-9DF9-706030672F8F}.Debug|Any CPU.Build.0 = Debug|Any CPU
		{2AADBD8A-6655-40F7-9DF9-706030672F8F}.Release|Any CPU.ActiveCfg = Release|Any CPU
		{2AADBD8A-6655-40F7-9DF9-706030672F8F}.Release|Any CPU.Build.0 = Release|Any CPU
		{8FC69396-93CB-43A8-923F-A8EB5731F498}.Debug|Any CPU.ActiveCfg = Debug|Any CPU
		{8FC69396-93CB-43A8-923F-A8EB5731F498}.Debug|Any CPU.Build.0 = Debug|Any CPU
		{8FC69396-93CB-43A8-923F-A8EB5731F498}.Release|Any CPU.ActiveCfg = Release|Any CPU
		{8FC69396-93CB-43A8-923F-A8EB5731F498}.Release|Any CPU.Build.0 = Release|Any CPU
	EndGlobalSection
EndGlobal
